
Microsoft Visual Studio Solution File, Format Version 12.00
# Visual Studio 15
Project("{FAE04EC0-301F-11D3-BF4B-00C04F79EFBC}") = "Assembly-CSharp", "Assembly-CSharp.csproj", "{4EF04244-7516-DF26-9FFB-1405BBC5FC92}"
EndProject
Project("{FAE04EC0-301F-11D3-BF4B-00C04F79EFBC}") = "Assembly-CSharp-Editor", "Assembly-CSharp-Editor.csproj", "{DEE4C704-2CC3-AF75-5424-0FE9F282F11A}"
EndProject
Project("{FAE04EC0-301F-11D3-BF4B-00C04F79EFBC}") = "GoogleMobileAds.Editor", "GoogleMobileAds.Editor.csproj", "{29C245AC-A85A-39F7-C100-B3EE5825FD05}"
EndProject
Global
	GlobalSection(SolutionConfigurationPlatforms) = preSolution
		Debug|Any CPU = Debug|Any CPU
		Release|Any CPU = Release|Any CPU
	EndGlobalSection
	GlobalSection(ProjectConfigurationPlatforms) = postSolution
		{4EF04244-7516-DF26-9FFB-1405BBC5FC92}.Debug|Any CPU.ActiveCfg = Debug|Any CPU
		{4EF04244-7516-DF26-9FFB-1405BBC5FC92}.Debug|Any CPU.Build.0 = Debug|Any CPU
		{4EF04244-7516-DF26-9FFB-1405BBC5FC92}.Release|Any CPU.ActiveCfg = Release|Any CPU
		{4EF04244-7516-DF26-9FFB-1405BBC5FC92}.Release|Any CPU.Build.0 = Release|Any CPU
		{DEE4C704-2CC3-AF75-5424-0FE9F282F11A}.Debug|Any CPU.ActiveCfg = Debug|Any CPU
		{DEE4C704-2CC3-AF75-5424-0FE9F282F11A}.Debug|Any CPU.Build.0 = Debug|Any CPU
		{DEE4C704-2CC3-AF75-5424-0FE9F282F11A}.Release|Any CPU.ActiveCfg = Release|Any CPU
		{DEE4C704-2CC3-AF75-5424-0FE9F282F11A}.Release|Any CPU.Build.0 = Release|Any CPU
		{29C245AC-A85A-39F7-C100-B3EE5825FD05}.Debug|Any CPU.ActiveCfg = Debug|Any CPU
		{29C245AC-A85A-39F7-C100-B3EE5825FD05}.Debug|Any CPU.Build.0 = Debug|Any CPU
		{29C245AC-A85A-39F7-C100-B3EE5825FD05}.Release|Any CPU.ActiveCfg = Release|Any CPU
		{29C245AC-A85A-39F7-C100-B3EE5825FD05}.Release|Any CPU.Build.0 = Release|Any CPU
	EndGlobalSection
	GlobalSection(SolutionProperties) = preSolution
		HideSolutionNode = FALSE
	EndGlobalSection
EndGlobal
